
Microsoft Visual Studio Solution File, Format Version 12.00
# Visual Studio 15
VisualStudioVersion = 15.0.27130.2036
MinimumVisualStudioVersion = 10.0.40219.1
Project("{FAE04EC0-301F-11D3-BF4B-00C04F79EFBC}") = "iosBackupExtractor", "iosBackupExtractor\iosBackupExtractor.csproj", "{4B53EF07-FBE8-4199-A7E3-4B2F3051DCE0}"
EndProject
Project("{FAE04EC0-301F-11D3-BF4B-00C04F79EFBC}") = "CommonUtils", "CommonUtils\CommonUtils\CommonUtils.csproj", "{4AE89C08-9A33-4AC2-8D65-0451EDFA79E5}"
EndProject
Global
	GlobalSection(SolutionConfigurationPlatforms) = preSolution
		Debug|Any CPU = Debug|Any CPU
		Release|Any CPU = Release|Any CPU
	EndGlobalSection
	GlobalSection(ProjectConfigurationPlatforms) = postSolution
		{4B53EF07-FBE8-4199-A7E3-4B2F3051DCE0}.Debug|Any CPU.ActiveCfg = Debug|Any CPU
		{4B53EF07-FBE8-4199-A7E3-4B2F3051DCE0}.Debug|Any CPU.Build.0 = Debug|Any CPU
		{4B53EF07-FBE8-4199-A7E3-4B2F3051DCE0}.Release|Any CPU.ActiveCfg = Release|Any CPU
		{4B53EF07-FBE8-4199-A7E3-4B2F3051DCE0}.Release|Any CPU.Build.0 = Release|Any CPU
		{4AE89C08-9A33-4AC2-8D65-0451EDFA79E5}.Debug|Any CPU.ActiveCfg = Debug|Any CPU
		{4AE89C08-9A33-4AC2-8D65-0451EDFA79E5}.Debug|Any CPU.Build.0 = Debug|Any CPU
		{4AE89C08-9A33-4AC2-8D65-0451EDFA79E5}.Release|Any CPU.ActiveCfg = Release|Any CPU
		{4AE89C08-9A33-4AC2-8D65-0451EDFA79E5}.Release|Any CPU.Build.0 = Release|Any CPU
	EndGlobalSection
	GlobalSection(SolutionProperties) = preSolution
		HideSolutionNode = FALSE
	EndGlobalSection
	GlobalSection(ExtensibilityGlobals) = postSolution
		SolutionGuid = {526CC530-96FE-4076-9B1F-F41BE5274DA3}
	EndGlobalSection
	GlobalSection(TeamFoundationVersionControl) = preSolution
		SccNumberOfProjects = 1
		SccEnterpriseProvider = {4CA58AB2-18FA-4F8D-95D4-32DDF27D184C}
		SccTeamFoundationServer = http://ishc0web2:8080/tfs/defaultcollection
		SccProjectUniqueName0 = CommonUtils\\CommonUtils\\CommonUtils.csproj
		SccProjectName0 = CommonUtils/CommonUtils
		SccAuxPath0 = http://ishc0web2:8080/tfs/defaultcollection
		SccLocalPath0 = CommonUtils\\CommonUtils
		SccProvider0 = {4CA58AB2-18FA-4F8D-95D4-32DDF27D184C}
	EndGlobalSection
EndGlobal
